
Microsoft Visual Studio Solution File, Format Version 12.00
# Visual Studio Version 16
VisualStudioVersion = 16.0.31402.337
MinimumVisualStudioVersion = 10.0.40219.1
Project("{FAE04EC0-301F-11D3-BF4B-00C04F79EFBC}") = "RoleManagement", "RoleManagement\RoleManagement.csproj", "{179F3293-981E-4F52-8D34-687B56FA2F36}"
EndProject
Global
	GlobalSection(SolutionConfigurationPlatforms) = preSolution
		Debug|Any CPU = Debug|Any CPU
		Release|Any CPU = Release|Any CPU
	EndGlobalSection
	GlobalSection(ProjectConfigurationPlatforms) = postSolution
		{179F3293-981E-4F52-8D34-687B56FA2F36}.Debug|Any CPU.ActiveCfg = Debug|Any CPU
		{179F3293-981E-4F52-8D34-687B56FA2F36}.Debug|Any CPU.Build.0 = Debug|Any CPU
		{179F3293-981E-4F52-8D34-687B56FA2F36}.Release|Any CPU.ActiveCfg = Release|Any CPU
		{179F3293-981E-4F52-8D34-687B56FA2F36}.Release|Any CPU.Build.0 = Release|Any CPU
	EndGlobalSection
	GlobalSection(SolutionProperties) = preSolution
		HideSolutionNode = FALSE
	EndGlobalSection
	GlobalSection(ExtensibilityGlobals) = postSolution
		SolutionGuid = {870151B1-C743-4897-A4A3-E22D3F4213E9}
	EndGlobalSection
EndGlobal
