
Microsoft Visual Studio Solution File, Format Version 12.00
# Visual Studio Version 16
VisualStudioVersion = 16.0.31402.337
MinimumVisualStudioVersion = 10.0.40219.1
Project("{FAE04EC0-301F-11D3-BF4B-00C04F79EFBC}") = "Blog", "Blog\Blog.csproj", "{9391ABB6-65A8-47EC-A517-D5C54484B668}"
EndProject
Global
	GlobalSection(SolutionConfigurationPlatforms) = preSolution
		Debug|Any CPU = Debug|Any CPU
		Release|Any CPU = Release|Any CPU
	EndGlobalSection
	GlobalSection(ProjectConfigurationPlatforms) = postSolution
		{9391ABB6-65A8-47EC-A517-D5C54484B668}.Debug|Any CPU.ActiveCfg = Debug|Any CPU
		{9391ABB6-65A8-47EC-A517-D5C54484B668}.Debug|Any CPU.Build.0 = Debug|Any CPU
		{9391ABB6-65A8-47EC-A517-D5C54484B668}.Release|Any CPU.ActiveCfg = Release|Any CPU
		{9391ABB6-65A8-47EC-A517-D5C54484B668}.Release|Any CPU.Build.0 = Release|Any CPU
	EndGlobalSection
	GlobalSection(SolutionProperties) = preSolution
		HideSolutionNode = FALSE
	EndGlobalSection
	GlobalSection(ExtensibilityGlobals) = postSolution
		SolutionGuid = {769A92F0-8B1A-4621-9DB5-3F1EAFE66DE6}
	EndGlobalSection
EndGlobal
